// !$*UTF8*$!
{
	archiveVersion = 1;
	classes = {
	};
	objectVersion = 56;
	objects = {

/* Begin PBXBuildFile section */
		68E47F1059210C4FBC11D8DD /* Pods_xcodeSample.framework in Frameworks */ = {isa = PBXBuildFile; fileRef = 706960908C339AD866B2ED69 /* Pods_xcodeSample.framework */; };
		8D009EAE2B790789003CEDA1 /* ProductResponse.swift in Sources */ = {isa = PBXBuildFile; fileRef = 8D009EAD2B790789003CEDA1 /* ProductResponse.swift */; };
		8DE037D32AA3CEC0003ADF39 /* AppDelegate.swift in Sources */ = {isa = PBXBuildFile; fileRef = 8DE037D22AA3CEC0003ADF39 /* AppDelegate.swift */; };
		8DE037D52AA3CEC0003ADF39 /* SceneDelegate.swift in Sources */ = {isa = PBXBuildFile; fileRef = 8DE037D42AA3CEC0003ADF39 /* SceneDelegate.swift */; };
		8DE037D72AA3CEC0003ADF39 /* ViewController.swift in Sources */ = {isa = PBXBuildFile; fileRef = 8DE037D62AA3CEC0003ADF39 /* ViewController.swift */; };
		8DE037DC2AA3CEC2003ADF39 /* Assets.xcassets in Resources */ = {isa = PBXBuildFile; fileRef = 8DE037DB2AA3CEC2003ADF39 /* Assets.xcassets */; };
		8DE037DF2AA3CEC2003ADF39 /* LaunchScreen.storyboard in Resources */ = {isa = PBXBuildFile; fileRef = 8DE037DD2AA3CEC2003ADF39 /* LaunchScreen.storyboard */; };
/* End PBXBuildFile section */

/* Begin PBXFileReference section */
		17CD0AD03C903C861C2063E0 /* Pods-xcodeSample.debug.xcconfig */ = {isa = PBXFileReference; includeInIndex = 1; lastKnownFileType = text.xcconfig; name = "Pods-xcodeSample.debug.xcconfig"; path = "Target Support Files/Pods-xcodeSample/Pods-xcodeSample.debug.xcconfig"; sourceTree = "<group>"; };
		706960908C339AD866B2ED69 /* Pods_xcodeSample.framework */ = {isa = PBXFileReference; explicitFileType = wrapper.framework; includeInIndex = 0; path = Pods_xcodeSample.framework; sourceTree = BUILT_PRODUCTS_DIR; };
		8D009EAD2B790789003CEDA1 /* ProductResponse.swift */ = {isa = PBXFileReference; lastKnownFileType = sourcecode.swift; path = ProductResponse.swift; sourceTree = "<group>"; };
		8DE037CF2AA3CEC0003ADF39 /* xcodeSample.app */ = {isa = PBXFileReference; explicitFileType = wrapper.application; includeInIndex = 0; path = xcodeSample.app; sourceTree = BUILT_PRODUCTS_DIR; };
		8DE037D22AA3CEC0003ADF39 /* AppDelegate.swift */ = {isa = PBXFileReference; lastKnownFileType = sourcecode.swift; path = AppDelegate.swift; sourceTree = "<group>"; };
		8DE037D42AA3CEC0003ADF39 /* SceneDelegate.swift */ = {isa = PBXFileReference; lastKnownFileType = sourcecode.swift; path = SceneDelegate.swift; sourceTree = "<group>"; };
		8DE037D62AA3CEC0003ADF39 /* ViewController.swift */ = {isa = PBXFileReference; lastKnownFileType = sourcecode.swift; path = ViewController.swift; sourceTree = "<group>"; };
		8DE037DB2AA3CEC2003ADF39 /* Assets.xcassets */ = {isa = PBXFileReference; lastKnownFileType = folder.assetcatalog; path = Assets.xcassets; sourceTree = "<group>"; };
		8DE037DE2AA3CEC2003ADF39 /* Base */ = {isa = PBXFileReference; lastKnownFileType = file.storyboard; name = Base; path = Base.lproj/LaunchScreen.storyboard; sourceTree = "<group>"; };
		8DE037E02AA3CEC2003ADF39 /* Info.plist */ = {isa = PBXFileReference; lastKnownFileType = text.plist.xml; path = Info.plist; sourceTree = "<group>"; };
		CFC4C37CA5A37C0D56295D10 /* Pods-xcodeSample.release.xcconfig */ = {isa = PBXFileReference; includeInIndex = 1; lastKnownFileType = text.xcconfig; name = "Pods-xcodeSample.release.xcconfig"; path = "Target Support Files/Pods-xcodeSample/Pods-xcodeSample.release.xcconfig"; sourceTree = "<group>"; };
/* End PBXFileReference section */

/* Begin PBXFrameworksBuildPhase section */
		8DE037CC2AA3CEC0003ADF39 /* Frameworks */ = {
			isa = PBXFrameworksBuildPhase;
			buildActionMask = 2147483647;
			files = (
				68E47F1059210C4FBC11D8DD /* Pods_xcodeSample.framework in Frameworks */,
			);
			runOnlyForDeploymentPostprocessing = 0;
		};
/* End PBXFrameworksBuildPhase section */

/* Begin PBXGroup section */
		0ABDCB97B1E906F737BDE19F /* Frameworks */ = {
			isa = PBXGroup;
			children = (
				706960908C339AD866B2ED69 /* Pods_xcodeSample.framework */,
			);
			name = Frameworks;
			sourceTree = "<group>";
		};
		8DE037C62AA3CEC0003ADF39 = {
			isa = PBXGroup;
			children = (
				8DE037D12AA3CEC0003ADF39 /* xcodeSample */,
				8DE037D02AA3CEC0003ADF39 /* Products */,
				9E1D2C04AD7F2F8678E6AC8A /* Pods */,
				0ABDCB97B1E906F737BDE19F /* Frameworks */,
			);
			sourceTree = "<group>";
		};
		8DE037D02AA3CEC0003ADF39 /* Products */ = {
			isa = PBXGroup;
			children = (
				8DE037CF2AA3CEC0003ADF39 /* xcodeSample.app */,
			);
			name = Products;
			sourceTree = "<group>";
		};
		8DE037D12AA3CEC0003ADF39 /* xcodeSample */ = {
			isa = PBXGroup;
			children = (
				8DE037D22AA3CEC0003ADF39 /* AppDelegate.swift */,
				8DE037D42AA3CEC0003ADF39 /* SceneDelegate.swift */,
				8DE037D62AA3CEC0003ADF39 /* ViewController.swift */,
				8D009EAD2B790789003CEDA1 /* ProductResponse.swift */,
				8DE037DB2AA3CEC2003ADF39 /* Assets.xcassets */,
				8DE037DD2AA3CEC2003ADF39 /* LaunchScreen.storyboard */,
				8DE037E02AA3CEC2003ADF39 /* Info.plist */,
			);
			path = xcodeSample;
			sourceTree = "<group>";
		};
		9E1D2C04AD7F2F8678E6AC8A /* Pods */ = {
			isa = PBXGroup;
			children = (
				17CD0AD03C903C861C2063E0 /* Pods-xcodeSample.debug.xcconfig */,
				CFC4C37CA5A37C0D56295D10 /* Pods-xcodeSample.release.xcconfig */,
			);
			path = Pods;
			sourceTree = "<group>";
		};
/* End PBXGroup section */

/* Begin PBXNativeTarget section */
		8DE037CE2AA3CEC0003ADF39 /* xcodeSample */ = {
			isa = PBXNativeTarget;
			buildConfigurationList = 8DE037E32AA3CEC2003ADF39 /* Build configuration list for PBXNativeTarget "xcodeSample" */;
			buildPhases = (
				54DFF3CC7A3AF8A80C0C6112 /* [CP] Check Pods Manifest.lock */,
				8DE037CB2AA3CEC0003ADF39 /* Sources */,
				8DE037CC2AA3CEC0003ADF39 /* Frameworks */,
				8DE037CD2AA3CEC0003ADF39 /* Resources */,
				D49D91A88A29B2FAAE8B2520 /* [CP] Embed Pods Frameworks */,
			);
			buildRules = (
			);
			dependencies = (
			);
			name = xcodeSample;
			productName = xcodeSample;
			productReference = 8DE037CF2AA3CEC0003ADF39 /* xcodeSample.app */;
			productType = "com.apple.product-type.application";
		};
/* End PBXNativeTarget section */

/* Begin PBXProject section */
		8DE037C72AA3CEC0003ADF39 /* Project object */ = {
			isa = PBXProject;
			attributes = {
				BuildIndependentTargetsInParallel = 1;
				LastSwiftUpdateCheck = 1430;
				LastUpgradeCheck = 1430;
				TargetAttributes = {
					8DE037CE2AA3CEC0003ADF39 = {
						CreatedOnToolsVersion = 14.3;
					};
				};
			};
			buildConfigurationList = 8DE037CA2AA3CEC0003ADF39 /* Build configuration list for PBXProject "xcodeSample" */;
			compatibilityVersion = "Xcode 14.0";
			developmentRegion = en;
			hasScannedForEncodings = 0;
			knownRegions = (
				en,
				Base,
			);
			mainGroup = 8DE037C62AA3CEC0003ADF39;
			productRefGroup = 8DE037D02AA3CEC0003ADF39 /* Products */;
			projectDirPath = "";
			projectRoot = "";
			targets = (
				8DE037CE2AA3CEC0003ADF39 /* xcodeSample */,
			);
		};
/* End PBXProject section */

/* Begin PBXResourcesBuildPhase section */
		8DE037CD2AA3CEC0003ADF39 /* Resources */ = {
			isa = PBXResourcesBuildPhase;
			buildActionMask = 2147483647;
			files = (
				8DE037DF2AA3CEC2003ADF39 /* LaunchScreen.storyboard in Resources */,
				8DE037DC2AA3CEC2003ADF39 /* Assets.xcassets in Resources */,
			);
			runOnlyForDeploymentPostprocessing = 0;
		};
/* End PBXResourcesBuildPhase section */

/* Begin PBXShellScriptBuildPhase section */
		54DFF3CC7A3AF8A80C0C6112 /* [CP] Check Pods Manifest.lock */ = {
			isa = PBXShellScriptBuildPhase;
			buildActionMask = 2147483647;
			files = (
			);
			inputFileListPaths = (
			);
			inputPaths = (
				"${PODS_PODFILE_DIR_PATH}/Podfile.lock",
				"${PODS_ROOT}/Manifest.lock",
			);
			name = "[CP] Check Pods Manifest.lock";
			outputFileListPaths = (
			);
			outputPaths = (
				"$(DERIVED_FILE_DIR)/Pods-xcodeSample-checkManifestLockResult.txt",
			);
			runOnlyForDeploymentPostprocessing = 0;
			shellPath = /bin/sh;
			shellScript = "diff \"${PODS_PODFILE_DIR_PATH}/Podfile.lock\" \"${PODS_ROOT}/Manifest.lock\" > /dev/null\nif [ $? != 0 ] ; then\n    # print error to STDERR\n    echo \"error: The sandbox is not in sync with the Podfile.lock. Run 'pod install' or update your CocoaPods installation.\" >&2\n    exit 1\nfi\n# This output is used by Xcode 'outputs' to avoid re-running this script phase.\necho \"SUCCESS\" > \"${SCRIPT_OUTPUT_FILE_0}\"\n";
			showEnvVarsInLog = 0;
		};
		D49D91A88A29B2FAAE8B2520 /* [CP] Embed Pods Frameworks */ = {
			isa = PBXShellScriptBuildPhase;
			buildActionMask = 2147483647;
			files = (
			);
			inputFileListPaths = (
				"${PODS_ROOT}/Target Support Files/Pods-xcodeSample/Pods-xcodeSample-frameworks-${CONFIGURATION}-input-files.xcfilelist",
			);
			name = "[CP] Embed Pods Frameworks";
			outputFileListPaths = (
				"${PODS_ROOT}/Target Support Files/Pods-xcodeSample/Pods-xcodeSample-frameworks-${CONFIGURATION}-output-files.xcfilelist",
			);
			runOnlyForDeploymentPostprocessing = 0;
			shellPath = /bin/sh;
			shellScript = "\"${PODS_ROOT}/Target Support Files/Pods-xcodeSample/Pods-xcodeSample-frameworks.sh\"\n";
			showEnvVarsInLog = 0;
		};
/* End PBXShellScriptBuildPhase section */

/* Begin PBXSourcesBuildPhase section */
		8DE037CB2AA3CEC0003ADF39 /* Sources */ = {
			isa = PBXSourcesBuildPhase;
			buildActionMask = 2147483647;
			files = (
				8D009EAE2B790789003CEDA1 /* ProductResponse.swift in Sources */,
				8DE037D72AA3CEC0003ADF39 /* ViewController.swift in Sources */,
				8DE037D32AA3CEC0003ADF39 /* AppDelegate.swift in Sources */,
				8DE037D52AA3CEC0003ADF39 /* SceneDelegate.swift in Sources */,
			);
			runOnlyForDeploymentPostprocessing = 0;
		};
/* End PBXSourcesBuildPhase section */

/* Begin PBXVariantGroup section */
		8DE037DD2AA3CEC2003ADF39 /* LaunchScreen.storyboard */ = {
			isa = PBXVariantGroup;
			children = (
				8DE037DE2AA3CEC2003ADF39 /* Base */,
			);
			name = LaunchScreen.storyboard;
			sourceTree = "<group>";
		};
/* End PBXVariantGroup section */

/* Begin XCBuildConfiguration section */
		8DE037E12AA3CEC2003ADF39 /* Debug */ = {
			isa = XCBuildConfiguration;
			buildSettings = {
				ALWAYS_SEARCH_USER_PATHS = NO;
				CLANG_ANALYZER_NONNULL = YES;
				CLANG_ANALYZER_NUMBER_OBJECT_CONVERSION = YES_AGGRESSIVE;
				CLANG_CXX_LANGUAGE_STANDARD = "gnu++20";
				CLANG_ENABLE_MODULES = YES;
				CLANG_ENABLE_OBJC_ARC = YES;
				CLANG_ENABLE_OBJC_WEAK = YES;
				CLANG_WARN_BLOCK_CAPTURE_AUTORELEASING = YES;
				CLANG_WARN_BOOL_CONVERSION = YES;
				CLANG_WARN_COMMA = YES;
				CLANG_WARN_CONSTANT_CONVERSION = YES;
				CLANG_WARN_DEPRECATED_OBJC_IMPLEMENTATIONS = YES;
				CLANG_WARN_DIRECT_OBJC_ISA_USAGE = YES_ERROR;
				CLANG_WARN_DOCUMENTATION_COMMENTS = YES;
				CLANG_WARN_EMPTY_BODY = YES;
				CLANG_WARN_ENUM_CONVERSION = YES;
				CLANG_WARN_INFINITE_RECURSION = YES;
				CLANG_WARN_INT_CONVERSION = YES;
				CLANG_WARN_NON_LITERAL_NULL_CONVERSION = YES;
				CLANG_WARN_OBJC_IMPLICIT_RETAIN_SELF = YES;
				CLANG_WARN_OBJC_LITERAL_CONVERSION = YES;
				CLANG_WARN_OBJC_ROOT_CLASS = YES_ERROR;
				CLANG_WARN_QUOTED_INCLUDE_IN_FRAMEWORK_HEADER = YES;
				CLANG_WARN_RANGE_LOOP_ANALYSIS = YES;
				CLANG_WARN_STRICT_PROTOTYPES = YES;
				CLANG_WARN_SUSPICIOUS_MOVE = YES;
				CLANG_WARN_UNGUARDED_AVAILABILITY = YES_AGGRESSIVE;
				CLANG_WARN_UNREACHABLE_CODE = YES;
				CLANG_WARN__DUPLICATE_METHOD_MATCH = YES;
				COPY_PHASE_STRIP = NO;
				DEBUG_INFORMATION_FORMAT = dwarf;
				ENABLE_STRICT_OBJC_MSGSEND = YES;
				ENABLE_TESTABILITY = YES;
				GCC_C_LANGUAGE_STANDARD = gnu11;
				GCC_DYNAMIC_NO_PIC = NO;
				GCC_NO_COMMON_BLOCKS = YES;
				GCC_OPTIMIZATION_LEVEL = 0;
				GCC_PREPROCESSOR_DEFINITIONS = (
					"DEBUG=1",
					"$(inherited)",
				);
				GCC_WARN_64_TO_32_BIT_CONVERSION = YES;
				GCC_WARN_ABOUT_RETURN_TYPE = YES_ERROR;
				GCC_WARN_UNDECLARED_SELECTOR = YES;
				GCC_WARN_UNINITIALIZED_AUTOS = YES_AGGRESSIVE;
				GCC_WARN_UNUSED_FUNCTION = YES;
				GCC_WARN_UNUSED_VARIABLE = YES;
				IPHONEOS_DEPLOYMENT_TARGET = 16.4;
				MTL_ENABLE_DEBUG_INFO = INCLUDE_SOURCE;
				MTL_FAST_MATH = YES;
				ONLY_ACTIVE_ARCH = YES;
				SDKROOT = iphoneos;
				SWIFT_ACTIVE_COMPILATION_CONDITIONS = DEBUG;
				SWIFT_OPTIMIZATION_LEVEL = "-Onone";
			};
			name = Debug;
		};
		8DE037E22AA3CEC2003ADF39 /* Release */ = {
			isa = XCBuildConfiguration;
			buildSettings = {
				ALWAYS_SEARCH_USER_PATHS = NO;
				CLANG_ANALYZER_NONNULL = YES;
				CLANG_ANALYZER_NUMBER_OBJECT_CONVERSION = YES_AGGRESSIVE;
				CLANG_CXX_LANGUAGE_STANDARD = "gnu++20";
				CLANG_ENABLE_MODULES = YES;
				CLANG_ENABLE_OBJC_ARC = YES;
				CLANG_ENABLE_OBJC_WEAK = YES;
				CLANG_WARN_BLOCK_CAPTURE_AUTORELEASING = YES;
				CLANG_WARN_BOOL_CONVERSION = YES;
				CLANG_WARN_COMMA = YES;
				CLANG_WARN_CONSTANT_CONVERSION = YES;
				CLANG_WARN_DEPRECATED_OBJC_IMPLEMENTATIONS = YES;
				CLANG_WARN_DIRECT_OBJC_ISA_USAGE = YES_ERROR;
				CLANG_WARN_DOCUMENTATION_COMMENTS = YES;
				CLANG_WARN_EMPTY_BODY = YES;
				CLANG_WARN_ENUM_CONVERSION = YES;
				CLANG_WARN_INFINITE_RECURSION = YES;
				CLANG_WARN_INT_CONVERSION = YES;
				CLANG_WARN_NON_LITERAL_NULL_CONVERSION = YES;
				CLANG_WARN_OBJC_IMPLICIT_RETAIN_SELF = YES;
				CLANG_WARN_OBJC_LITERAL_CONVERSION = YES;
				CLANG_WARN_OBJC_ROOT_CLASS = YES_ERROR;
				CLANG_WARN_QUOTED_INCLUDE_IN_FRAMEWORK_HEADER = YES;
				CLANG_WARN_RANGE_LOOP_ANALYSIS = YES;
				CLANG_WARN_STRICT_PROTOTYPES = YES;
				CLANG_WARN_SUSPICIOUS_MOVE = YES;
				CLANG_WARN_UNGUARDED_AVAILABILITY = YES_AGGRESSIVE;
				CLANG_WARN_UNREACHABLE_CODE = YES;
				CLANG_WARN__DUPLICATE_METHOD_MATCH = YES;
				COPY_PHASE_STRIP = NO;
				DEBUG_INFORMATION_FORMAT = "dwarf-with-dsym";
				ENABLE_NS_ASSERTIONS = NO;
				ENABLE_STRICT_OBJC_MSGSEND = YES;
				GCC_C_LANGUAGE_STANDARD = gnu11;
				GCC_NO_COMMON_BLOCKS = YES;
				GCC_WARN_64_TO_32_BIT_CONVERSION = YES;
				GCC_WARN_ABOUT_RETURN_TYPE = YES_ERROR;
				GCC_WARN_UNDECLARED_SELECTOR = YES;
				GCC_WARN_UNINITIALIZED_AUTOS = YES_AGGRESSIVE;
				GCC_WARN_UNUSED_FUNCTION = YES;
				GCC_WARN_UNUSED_VARIABLE = YES;
				IPHONEOS_DEPLOYMENT_TARGET = 16.4;
				MTL_ENABLE_DEBUG_INFO = NO;
				MTL_FAST_MATH = YES;
				SDKROOT = iphoneos;
				SWIFT_COMPILATION_MODE = wholemodule;
				SWIFT_OPTIMIZATION_LEVEL = "-O";
				VALIDATE_PRODUCT = YES;
			};
			name = Release;
		};
		8DE037E42AA3CEC2003ADF39 /* Debug */ = {
			isa = XCBuildConfiguration;
			baseConfigurationReference = 17CD0AD03C903C861C2063E0 /* Pods-xcodeSample.debug.xcconfig */;
			buildSettings = {
				ASSETCATALOG_COMPILER_APPICON_NAME = AppIcon;
				ASSETCATALOG_COMPILER_GLOBAL_ACCENT_COLOR_NAME = AccentColor;
				CODE_SIGN_STYLE = Automatic;
				CURRENT_PROJECT_VERSION = 1;
				DEVELOPMENT_TEAM = VVBZ3B874L;
				GENERATE_INFOPLIST_FILE = YES;
				INFOPLIST_FILE = xcodeSample/Info.plist;
				INFOPLIST_KEY_UIApplicationSupportsIndirectInputEvents = YES;
				INFOPLIST_KEY_UILaunchStoryboardName = LaunchScreen;
				INFOPLIST_KEY_UISupportedInterfaceOrientations_iPad = "UIInterfaceOrientationPortrait UIInterfaceOrientationPortraitUpsideDown UIInterfaceOrientationLandscapeLeft UIInterfaceOrientationLandscapeRight";
				INFOPLIST_KEY_UISupportedInterfaceOrientations_iPhone = "UIInterfaceOrientationPortrait UIInterfaceOrientationLandscapeLeft UIInterfaceOrientationLandscapeRight";
				LD_RUNPATH_SEARCH_PATHS = (
					"$(inherited)",
					"@executable_path/Frameworks",
				);
				MARKETING_VERSION = 1.0;
				PRODUCT_BUNDLE_IDENTIFIER = com.ddhr4m.xcodesample.xcodeSample;
				PRODUCT_NAME = "$(TARGET_NAME)";
				SWIFT_EMIT_LOC_STRINGS = YES;
				SWIFT_VERSION = 5.0;
				TARGETED_DEVICE_FAMILY = "1,2";
			};
			name = Debug;
		};
		8DE037E52AA3CEC2003ADF39 /* Release */ = {
			isa = XCBuildConfiguration;
			baseConfigurationReference = CFC4C37CA5A37C0D56295D10 /* Pods-xcodeSample.release.xcconfig */;
			buildSettings = {
				ASSETCATALOG_COMPILER_APPICON_NAME = AppIcon;
				ASSETCATALOG_COMPILER_GLOBAL_ACCENT_COLOR_NAME = AccentColor;
				CODE_SIGN_STYLE = Automatic;
				CURRENT_PROJECT_VERSION = 1;
				DEVELOPMENT_TEAM = VVBZ3B874L;
				GENERATE_INFOPLIST_FILE = YES;
				INFOPLIST_FILE = xcodeSample/Info.plist;
				INFOPLIST_KEY_UIApplicationSupportsIndirectInputEvents = YES;
				INFOPLIST_KEY_UILaunchStoryboardName = LaunchScreen;
				INFOPLIST_KEY_UISupportedInterfaceOrientations_iPad = "UIInterfaceOrientationPortrait UIInterfaceOrientationPortraitUpsideDown UIInterfaceOrientationLandscapeLeft UIInterfaceOrientationLandscapeRight";
				INFOPLIST_KEY_UISupportedInterfaceOrientations_iPhone = "UIInterfaceOrientationPortrait UIInterfaceOrientationLandscapeLeft UIInterfaceOrientationLandscapeRight";
				LD_RUNPATH_SEARCH_PATHS = (
					"$(inherited)",
					"@executable_path/Frameworks",
				);
				MARKETING_VERSION = 1.0;
				PRODUCT_BUNDLE_IDENTIFIER = com.ddhr4m.xcodesample.xcodeSample;
				PRODUCT_NAME = "$(TARGET_NAME)";
				SWIFT_EMIT_LOC_STRINGS = YES;
				SWIFT_VERSION = 5.0;
				TARGETED_DEVICE_FAMILY = "1,2";
			};
			name = Release;
		};
/* End XCBuildConfiguration section */

/* Begin XCConfigurationList section */
		8DE037CA2AA3CEC0003ADF39 /* Build configuration list for PBXProject "xcodeSample" */ = {
			isa = XCConfigurationList;
			buildConfigurations = (
				8DE037E12AA3CEC2003ADF39 /* Debug */,
				8DE037E22AA3CEC2003ADF39 /* Release */,
			);
			defaultConfigurationIsVisible = 0;
			defaultConfigurationName = Release;
		};
		8DE037E32AA3CEC2003ADF39 /* Build configuration list for PBXNativeTarget "xcodeSample" */ = {
			isa = XCConfigurationList;
			buildConfigurations = (
				8DE037E42AA3CEC2003ADF39 /* Debug */,
				8DE037E52AA3CEC2003ADF39 /* Release */,
			);
			defaultConfigurationIsVisible = 0;
			defaultConfigurationName = Release;
		};
/* End XCConfigurationList section */
	};
	rootObject = 8DE037C72AA3CEC0003ADF39 /* Project object */;
}
